
Microsoft Visual Studio Solution File, Format Version 12.00
# Visual Studio Version 16
VisualStudioVersion = 16.0.30330.147
MinimumVisualStudioVersion = 10.0.40219.1
Project("{FAE04EC0-301F-11D3-BF4B-00C04F79EFBC}") = "PKBL.Domain", "PKBL.Domain\PKBL.Domain.csproj", "{7B5093F9-B18F-40F1-A99F-F8277265CDD1}"
EndProject
Project("{FAE04EC0-301F-11D3-BF4B-00C04F79EFBC}") = "PKBL.Application", "PKBL.Application\PKBL.Application.csproj", "{374FD5F9-00D5-402D-A1C4-6F70752A6711}"
EndProject
Project("{FAE04EC0-301F-11D3-BF4B-00C04F79EFBC}") = "PKBL.Infrastructure", "PKBL.Infrastructure\PKBL.Infrastructure.csproj", "{457628F7-3651-4A7A-999C-255C54C1BA6C}"
EndProject
Project("{FAE04EC0-301F-11D3-BF4B-00C04F79EFBC}") = "PKBL.Web", "PKBL.Web\PKBL.Web.csproj", "{8098B6BE-FA8A-4D90-B8F4-A09A98FF8A2E}"
EndProject
Global
	GlobalSection(SolutionConfigurationPlatforms) = preSolution
		Debug|Any CPU = Debug|Any CPU
		Release|Any CPU = Release|Any CPU
	EndGlobalSection
	GlobalSection(ProjectConfigurationPlatforms) = postSolution
		{7B5093F9-B18F-40F1-A99F-F8277265CDD1}.Debug|Any CPU.ActiveCfg = Debug|Any CPU
		{7B5093F9-B18F-40F1-A99F-F8277265CDD1}.Debug|Any CPU.Build.0 = Debug|Any CPU
		{7B5093F9-B18F-40F1-A99F-F8277265CDD1}.Release|Any CPU.ActiveCfg = Release|Any CPU
		{7B5093F9-B18F-40F1-A99F-F8277265CDD1}.Release|Any CPU.Build.0 = Release|Any CPU
		{374FD5F9-00D5-402D-A1C4-6F70752A6711}.Debug|Any CPU.ActiveCfg = Debug|Any CPU
		{374FD5F9-00D5-402D-A1C4-6F70752A6711}.Debug|Any CPU.Build.0 = Debug|Any CPU
		{374FD5F9-00D5-402D-A1C4-6F70752A6711}.Release|Any CPU.ActiveCfg = Release|Any CPU
		{374FD5F9-00D5-402D-A1C4-6F70752A6711}.Release|Any CPU.Build.0 = Release|Any CPU
		{457628F7-3651-4A7A-999C-255C54C1BA6C}.Debug|Any CPU.ActiveCfg = Debug|Any CPU
		{457628F7-3651-4A7A-999C-255C54C1BA6C}.Debug|Any CPU.Build.0 = Debug|Any CPU
		{457628F7-3651-4A7A-999C-255C54C1BA6C}.Release|Any CPU.ActiveCfg = Release|Any CPU
		{457628F7-3651-4A7A-999C-255C54C1BA6C}.Release|Any CPU.Build.0 = Release|Any CPU
		{8098B6BE-FA8A-4D90-B8F4-A09A98FF8A2E}.Debug|Any CPU.ActiveCfg = Debug|Any CPU
		{8098B6BE-FA8A-4D90-B8F4-A09A98FF8A2E}.Debug|Any CPU.Build.0 = Debug|Any CPU
		{8098B6BE-FA8A-4D90-B8F4-A09A98FF8A2E}.Release|Any CPU.ActiveCfg = Release|Any CPU
		{8098B6BE-FA8A-4D90-B8F4-A09A98FF8A2E}.Release|Any CPU.Build.0 = Release|Any CPU
	EndGlobalSection
	GlobalSection(SolutionProperties) = preSolution
		HideSolutionNode = FALSE
	EndGlobalSection
	GlobalSection(ExtensibilityGlobals) = postSolution
		SolutionGuid = {56BF46F5-B696-4630-8188-BB01498698D0}
	EndGlobalSection
EndGlobal
